
Microsoft Visual Studio Solution File, Format Version 12.00
# Visual Studio 15
VisualStudioVersion = 15.0.26124.0
MinimumVisualStudioVersion = 15.0.26124.0
Project("{FAE04EC0-301F-11D3-BF4B-00C04F79EFBC}") = "TestCommon", "..\TestCommon\TestCommon.csproj", "{87B553EE-6EBA-47A8-992F-4DD9F60BAA5C}"
EndProject
Project("{FAE04EC0-301F-11D3-BF4B-00C04F79EFBC}") = "A3", "A3\A3.csproj", "{691C7F9F-3B7A-4E02-862A-604E25A80C73}"
EndProject
Project("{FAE04EC0-301F-11D3-BF4B-00C04F79EFBC}") = "A3.Tests", "A3.Tests\A3.Tests.csproj", "{4109C442-265A-44D7-A910-1C34B62BDD79}"
EndProject
Global
	GlobalSection(SolutionConfigurationPlatforms) = preSolution
		Debug|Any CPU = Debug|Any CPU
		Debug|x64 = Debug|x64
		Debug|x86 = Debug|x86
		Release|Any CPU = Release|Any CPU
		Release|x64 = Release|x64
		Release|x86 = Release|x86
	EndGlobalSection
	GlobalSection(SolutionProperties) = preSolution
		HideSolutionNode = FALSE
	EndGlobalSection
	GlobalSection(ProjectConfigurationPlatforms) = postSolution
		{87B553EE-6EBA-47A8-992F-4DD9F60BAA5C}.Debug|Any CPU.ActiveCfg = Debug|Any CPU
		{87B553EE-6EBA-47A8-992F-4DD9F60BAA5C}.Debug|Any CPU.Build.0 = Debug|Any CPU
		{87B553EE-6EBA-47A8-992F-4DD9F60BAA5C}.Debug|x64.ActiveCfg = Debug|Any CPU
		{87B553EE-6EBA-47A8-992F-4DD9F60BAA5C}.Debug|x64.Build.0 = Debug|Any CPU
		{87B553EE-6EBA-47A8-992F-4DD9F60BAA5C}.Debug|x86.ActiveCfg = Debug|Any CPU
		{87B553EE-6EBA-47A8-992F-4DD9F60BAA5C}.Debug|x86.Build.0 = Debug|Any CPU
		{87B553EE-6EBA-47A8-992F-4DD9F60BAA5C}.Release|Any CPU.ActiveCfg = Release|Any CPU
		{87B553EE-6EBA-47A8-992F-4DD9F60BAA5C}.Release|Any CPU.Build.0 = Release|Any CPU
		{87B553EE-6EBA-47A8-992F-4DD9F60BAA5C}.Release|x64.ActiveCfg = Release|Any CPU
		{87B553EE-6EBA-47A8-992F-4DD9F60BAA5C}.Release|x64.Build.0 = Release|Any CPU
		{87B553EE-6EBA-47A8-992F-4DD9F60BAA5C}.Release|x86.ActiveCfg = Release|Any CPU
		{87B553EE-6EBA-47A8-992F-4DD9F60BAA5C}.Release|x86.Build.0 = Release|Any CPU
		{691C7F9F-3B7A-4E02-862A-604E25A80C73}.Debug|Any CPU.ActiveCfg = Debug|Any CPU
		{691C7F9F-3B7A-4E02-862A-604E25A80C73}.Debug|Any CPU.Build.0 = Debug|Any CPU
		{691C7F9F-3B7A-4E02-862A-604E25A80C73}.Debug|x64.ActiveCfg = Debug|Any CPU
		{691C7F9F-3B7A-4E02-862A-604E25A80C73}.Debug|x64.Build.0 = Debug|Any CPU
		{691C7F9F-3B7A-4E02-862A-604E25A80C73}.Debug|x86.ActiveCfg = Debug|Any CPU
		{691C7F9F-3B7A-4E02-862A-604E25A80C73}.Debug|x86.Build.0 = Debug|Any CPU
		{691C7F9F-3B7A-4E02-862A-604E25A80C73}.Release|Any CPU.ActiveCfg = Release|Any CPU
		{691C7F9F-3B7A-4E02-862A-604E25A80C73}.Release|Any CPU.Build.0 = Release|Any CPU
		{691C7F9F-3B7A-4E02-862A-604E25A80C73}.Release|x64.ActiveCfg = Release|Any CPU
		{691C7F9F-3B7A-4E02-862A-604E25A80C73}.Release|x64.Build.0 = Release|Any CPU
		{691C7F9F-3B7A-4E02-862A-604E25A80C73}.Release|x86.ActiveCfg = Release|Any CPU
		{691C7F9F-3B7A-4E02-862A-604E25A80C73}.Release|x86.Build.0 = Release|Any CPU
		{4109C442-265A-44D7-A910-1C34B62BDD79}.Debug|Any CPU.ActiveCfg = Debug|Any CPU
		{4109C442-265A-44D7-A910-1C34B62BDD79}.Debug|Any CPU.Build.0 = Debug|Any CPU
		{4109C442-265A-44D7-A910-1C34B62BDD79}.Debug|x64.ActiveCfg = Debug|Any CPU
		{4109C442-265A-44D7-A910-1C34B62BDD79}.Debug|x64.Build.0 = Debug|Any CPU
		{4109C442-265A-44D7-A910-1C34B62BDD79}.Debug|x86.ActiveCfg = Debug|Any CPU
		{4109C442-265A-44D7-A910-1C34B62BDD79}.Debug|x86.Build.0 = Debug|Any CPU
		{4109C442-265A-44D7-A910-1C34B62BDD79}.Release|Any CPU.ActiveCfg = Release|Any CPU
		{4109C442-265A-44D7-A910-1C34B62BDD79}.Release|Any CPU.Build.0 = Release|Any CPU
		{4109C442-265A-44D7-A910-1C34B62BDD79}.Release|x64.ActiveCfg = Release|Any CPU
		{4109C442-265A-44D7-A910-1C34B62BDD79}.Release|x64.Build.0 = Release|Any CPU
		{4109C442-265A-44D7-A910-1C34B62BDD79}.Release|x86.ActiveCfg = Release|Any CPU
		{4109C442-265A-44D7-A910-1C34B62BDD79}.Release|x86.Build.0 = Release|Any CPU
	EndGlobalSection
EndGlobal
